
Microsoft Visual Studio Solution File, Format Version 12.00
# Visual Studio 15
VisualStudioVersion = 15.0.28307.136
MinimumVisualStudioVersion = 10.0.40219.1
Project("{FAE04EC0-301F-11D3-BF4B-00C04F79EFBC}") = "Server", "Server\Server.csproj", "{172277B1-9120-4240-88E2-6A2D7ED0530A}"
EndProject
Project("{FAE04EC0-301F-11D3-BF4B-00C04F79EFBC}") = "Client", "Client\Client.csproj", "{26C66253-6516-43C5-9235-698C773B52B6}"
EndProject
Project("{FAE04EC0-301F-11D3-BF4B-00C04F79EFBC}") = "Shared", "Shared\Shared.csproj", "{36489C64-850E-4312-A941-71C4E223151A}"
EndProject
Global
	GlobalSection(SolutionConfigurationPlatforms) = preSolution
		Debug|Any CPU = Debug|Any CPU
		Release|Any CPU = Release|Any CPU
	EndGlobalSection
	GlobalSection(ProjectConfigurationPlatforms) = postSolution
		{172277B1-9120-4240-88E2-6A2D7ED0530A}.Debug|Any CPU.ActiveCfg = Debug|Any CPU
		{172277B1-9120-4240-88E2-6A2D7ED0530A}.Debug|Any CPU.Build.0 = Debug|Any CPU
		{172277B1-9120-4240-88E2-6A2D7ED0530A}.Release|Any CPU.ActiveCfg = Release|Any CPU
		{172277B1-9120-4240-88E2-6A2D7ED0530A}.Release|Any CPU.Build.0 = Release|Any CPU
		{26C66253-6516-43C5-9235-698C773B52B6}.Debug|Any CPU.ActiveCfg = Debug|Any CPU
		{26C66253-6516-43C5-9235-698C773B52B6}.Debug|Any CPU.Build.0 = Debug|Any CPU
		{26C66253-6516-43C5-9235-698C773B52B6}.Release|Any CPU.ActiveCfg = Release|Any CPU
		{26C66253-6516-43C5-9235-698C773B52B6}.Release|Any CPU.Build.0 = Release|Any CPU
		{36489C64-850E-4312-A941-71C4E223151A}.Debug|Any CPU.ActiveCfg = Debug|Any CPU
		{36489C64-850E-4312-A941-71C4E223151A}.Debug|Any CPU.Build.0 = Debug|Any CPU
		{36489C64-850E-4312-A941-71C4E223151A}.Release|Any CPU.ActiveCfg = Release|Any CPU
		{36489C64-850E-4312-A941-71C4E223151A}.Release|Any CPU.Build.0 = Release|Any CPU
	EndGlobalSection
	GlobalSection(SolutionProperties) = preSolution
		HideSolutionNode = FALSE
	EndGlobalSection
	GlobalSection(ExtensibilityGlobals) = postSolution
		SolutionGuid = {26DC7D07-0EFB-465A-852D-8C0348D2E0CC}
	EndGlobalSection
EndGlobal
